
Microsoft Visual Studio Solution File, Format Version 12.00
# Visual Studio Version 17
VisualStudioVersion = 17.0.32112.339
MinimumVisualStudioVersion = 10.0.40219.1
Project("{FAE04EC0-301F-11D3-BF4B-00C04F79EFBC}") = "Tracr.Server", "Tracr\Server\Tracr.Server.csproj", "{81034C39-E0DF-4D6B-9CB4-34467B36466C}"
EndProject
Project("{FAE04EC0-301F-11D3-BF4B-00C04F79EFBC}") = "Tracr.Client", "Tracr\Client\Tracr.Client.csproj", "{B1262AFB-89FD-4A94-B777-ECD4B6CDC68E}"
EndProject
Project("{FAE04EC0-301F-11D3-BF4B-00C04F79EFBC}") = "Tracr.Shared", "Tracr\Shared\Tracr.Shared.csproj", "{F36A5E17-7BC1-42BE-83EC-55A985E1375F}"
EndProject
Global
	GlobalSection(SolutionConfigurationPlatforms) = preSolution
		Debug|Any CPU = Debug|Any CPU
		Release|Any CPU = Release|Any CPU
		Test|Any CPU = Test|Any CPU
	EndGlobalSection
	GlobalSection(ProjectConfigurationPlatforms) = postSolution
		{81034C39-E0DF-4D6B-9CB4-34467B36466C}.Debug|Any CPU.ActiveCfg = Debug|Any CPU
		{81034C39-E0DF-4D6B-9CB4-34467B36466C}.Debug|Any CPU.Build.0 = Debug|Any CPU
		{81034C39-E0DF-4D6B-9CB4-34467B36466C}.Release|Any CPU.ActiveCfg = Release|Any CPU
		{81034C39-E0DF-4D6B-9CB4-34467B36466C}.Release|Any CPU.Build.0 = Release|Any CPU
		{81034C39-E0DF-4D6B-9CB4-34467B36466C}.Test|Any CPU.ActiveCfg = Test|Any CPU
		{81034C39-E0DF-4D6B-9CB4-34467B36466C}.Test|Any CPU.Build.0 = Test|Any CPU
		{B1262AFB-89FD-4A94-B777-ECD4B6CDC68E}.Debug|Any CPU.ActiveCfg = Debug|Any CPU
		{B1262AFB-89FD-4A94-B777-ECD4B6CDC68E}.Debug|Any CPU.Build.0 = Debug|Any CPU
		{B1262AFB-89FD-4A94-B777-ECD4B6CDC68E}.Release|Any CPU.ActiveCfg = Release|Any CPU
		{B1262AFB-89FD-4A94-B777-ECD4B6CDC68E}.Release|Any CPU.Build.0 = Release|Any CPU
		{B1262AFB-89FD-4A94-B777-ECD4B6CDC68E}.Test|Any CPU.ActiveCfg = Test|Any CPU
		{B1262AFB-89FD-4A94-B777-ECD4B6CDC68E}.Test|Any CPU.Build.0 = Test|Any CPU
		{F36A5E17-7BC1-42BE-83EC-55A985E1375F}.Debug|Any CPU.ActiveCfg = Debug|Any CPU
		{F36A5E17-7BC1-42BE-83EC-55A985E1375F}.Debug|Any CPU.Build.0 = Debug|Any CPU
		{F36A5E17-7BC1-42BE-83EC-55A985E1375F}.Release|Any CPU.ActiveCfg = Release|Any CPU
		{F36A5E17-7BC1-42BE-83EC-55A985E1375F}.Release|Any CPU.Build.0 = Release|Any CPU
		{F36A5E17-7BC1-42BE-83EC-55A985E1375F}.Test|Any CPU.ActiveCfg = Test|Any CPU
		{F36A5E17-7BC1-42BE-83EC-55A985E1375F}.Test|Any CPU.Build.0 = Test|Any CPU
	EndGlobalSection
	GlobalSection(SolutionProperties) = preSolution
		HideSolutionNode = FALSE
	EndGlobalSection
	GlobalSection(ExtensibilityGlobals) = postSolution
		SolutionGuid = {B1C0EB08-89B0-4195-AE01-F9B01CD9F696}
	EndGlobalSection
EndGlobal
