
Microsoft Visual Studio Solution File, Format Version 12.00
# Visual Studio Version 17
VisualStudioVersion = 17.0.32112.339
MinimumVisualStudioVersion = 10.0.40219.1
Project("{FAE04EC0-301F-11D3-BF4B-00C04F79EFBC}") = "TraCR.Server", "TraCR\Server\TraCR.Server.csproj", "{EB973E26-D45B-4997-BE9A-95E85FBCAE83}"
EndProject
Project("{FAE04EC0-301F-11D3-BF4B-00C04F79EFBC}") = "TraCR.Client", "TraCR\Client\TraCR.Client.csproj", "{D84EB273-87DF-40CC-814F-ACCA78E85988}"
EndProject
Project("{FAE04EC0-301F-11D3-BF4B-00C04F79EFBC}") = "TraCR.Shared", "TraCR\Shared\TraCR.Shared.csproj", "{5945079E-CFC1-427A-990C-168240981C60}"
EndProject
Global
	GlobalSection(SolutionConfigurationPlatforms) = preSolution
		Debug|Any CPU = Debug|Any CPU
		Release|Any CPU = Release|Any CPU
	EndGlobalSection
	GlobalSection(ProjectConfigurationPlatforms) = postSolution
		{EB973E26-D45B-4997-BE9A-95E85FBCAE83}.Debug|Any CPU.ActiveCfg = Debug|Any CPU
		{EB973E26-D45B-4997-BE9A-95E85FBCAE83}.Debug|Any CPU.Build.0 = Debug|Any CPU
		{EB973E26-D45B-4997-BE9A-95E85FBCAE83}.Release|Any CPU.ActiveCfg = Release|Any CPU
		{EB973E26-D45B-4997-BE9A-95E85FBCAE83}.Release|Any CPU.Build.0 = Release|Any CPU
		{D84EB273-87DF-40CC-814F-ACCA78E85988}.Debug|Any CPU.ActiveCfg = Debug|Any CPU
		{D84EB273-87DF-40CC-814F-ACCA78E85988}.Debug|Any CPU.Build.0 = Debug|Any CPU
		{D84EB273-87DF-40CC-814F-ACCA78E85988}.Release|Any CPU.ActiveCfg = Release|Any CPU
		{D84EB273-87DF-40CC-814F-ACCA78E85988}.Release|Any CPU.Build.0 = Release|Any CPU
		{5945079E-CFC1-427A-990C-168240981C60}.Debug|Any CPU.ActiveCfg = Debug|Any CPU
		{5945079E-CFC1-427A-990C-168240981C60}.Debug|Any CPU.Build.0 = Debug|Any CPU
		{5945079E-CFC1-427A-990C-168240981C60}.Release|Any CPU.ActiveCfg = Release|Any CPU
		{5945079E-CFC1-427A-990C-168240981C60}.Release|Any CPU.Build.0 = Release|Any CPU
	EndGlobalSection
	GlobalSection(SolutionProperties) = preSolution
		HideSolutionNode = FALSE
	EndGlobalSection
	GlobalSection(ExtensibilityGlobals) = postSolution
		SolutionGuid = {8310A40E-8611-402C-AAC8-F8E39CAE2172}
	EndGlobalSection
EndGlobal
