
Microsoft Visual Studio Solution File, Format Version 12.00
# Visual Studio Version 17
VisualStudioVersion = 17.0.32112.339
MinimumVisualStudioVersion = 10.0.40219.1
Project("{9A19103F-16F7-4668-BE54-9A1E7A4F7556}") = "Tracr.Shared", "src\Shared\Tracr.Shared.csproj", "{B54EB8FD-A802-4574-8BB0-E59D62EB2A3B}"
EndProject
Project("{9A19103F-16F7-4668-BE54-9A1E7A4F7556}") = "Tracr.Client", "src\Client\Tracr.Client.csproj", "{C42D233F-984F-4BCB-AA9D-BD5D0F68B743}"
EndProject
Project("{9A19103F-16F7-4668-BE54-9A1E7A4F7556}") = "Tracr.Server", "src\Server\Tracr.Server.csproj", "{D761AE1F-DBEE-42A9-9871-23DF3704EBFD}"
EndProject
Global
	GlobalSection(SolutionConfigurationPlatforms) = preSolution
		Debug|Any CPU = Debug|Any CPU
		Release|Any CPU = Release|Any CPU
		Test|Any CPU = Test|Any CPU
	EndGlobalSection
	GlobalSection(ProjectConfigurationPlatforms) = postSolution
		{B54EB8FD-A802-4574-8BB0-E59D62EB2A3B}.Debug|Any CPU.ActiveCfg = Debug|Any CPU
		{B54EB8FD-A802-4574-8BB0-E59D62EB2A3B}.Debug|Any CPU.Build.0 = Debug|Any CPU
		{B54EB8FD-A802-4574-8BB0-E59D62EB2A3B}.Release|Any CPU.ActiveCfg = Release|Any CPU
		{B54EB8FD-A802-4574-8BB0-E59D62EB2A3B}.Release|Any CPU.Build.0 = Release|Any CPU
		{B54EB8FD-A802-4574-8BB0-E59D62EB2A3B}.Test|Any CPU.ActiveCfg = Test|Any CPU
		{B54EB8FD-A802-4574-8BB0-E59D62EB2A3B}.Test|Any CPU.Build.0 = Test|Any CPU
		{C42D233F-984F-4BCB-AA9D-BD5D0F68B743}.Debug|Any CPU.ActiveCfg = Debug|Any CPU
		{C42D233F-984F-4BCB-AA9D-BD5D0F68B743}.Debug|Any CPU.Build.0 = Debug|Any CPU
		{C42D233F-984F-4BCB-AA9D-BD5D0F68B743}.Release|Any CPU.ActiveCfg = Release|Any CPU
		{C42D233F-984F-4BCB-AA9D-BD5D0F68B743}.Release|Any CPU.Build.0 = Release|Any CPU
		{C42D233F-984F-4BCB-AA9D-BD5D0F68B743}.Test|Any CPU.ActiveCfg = Test|Any CPU
		{C42D233F-984F-4BCB-AA9D-BD5D0F68B743}.Test|Any CPU.Build.0 = Test|Any CPU
		{D761AE1F-DBEE-42A9-9871-23DF3704EBFD}.Debug|Any CPU.ActiveCfg = Debug|Any CPU
		{D761AE1F-DBEE-42A9-9871-23DF3704EBFD}.Debug|Any CPU.Build.0 = Debug|Any CPU
		{D761AE1F-DBEE-42A9-9871-23DF3704EBFD}.Release|Any CPU.ActiveCfg = Release|Any CPU
		{D761AE1F-DBEE-42A9-9871-23DF3704EBFD}.Release|Any CPU.Build.0 = Release|Any CPU
		{D761AE1F-DBEE-42A9-9871-23DF3704EBFD}.Test|Any CPU.ActiveCfg = Test|Any CPU
		{D761AE1F-DBEE-42A9-9871-23DF3704EBFD}.Test|Any CPU.Build.0 = Test|Any CPU
	EndGlobalSection
	GlobalSection(SolutionProperties) = preSolution
		HideSolutionNode = FALSE
	EndGlobalSection
	GlobalSection(ExtensibilityGlobals) = postSolution
		SolutionGuid = {B1C0EB08-89B0-4195-AE01-F9B01CD9F696}
	EndGlobalSection
EndGlobal
